
Microsoft Visual Studio Solution File, Format Version 12.00
# Visual Studio Version 17
VisualStudioVersion = 17.3.32929.385
MinimumVisualStudioVersion = 10.0.40219.1
Project("{FAE04EC0-301F-11D3-BF4B-00C04F79EFBC}") = "UserManagement_Project", "UserManagement_Project\UserManagement_Project.csproj", "{E4FE771F-EDF7-4DDC-AAE9-3CD3E0971F56}"
EndProject
Project("{FAE04EC0-301F-11D3-BF4B-00C04F79EFBC}") = "UMP_DataObject", "UMP_DataObject\UMP_DataObject.csproj", "{5C98593E-DA7D-43EB-B755-B3090EF9A1B7}"
EndProject
Project("{FAE04EC0-301F-11D3-BF4B-00C04F79EFBC}") = "UMP_DataAccess", "UMP_DataAccess\UMP_DataAccess.csproj", "{D1EAFE75-32EE-48DA-8817-82E83AFDEA46}"
EndProject
Global
	GlobalSection(SolutionConfigurationPlatforms) = preSolution
		Debug|Any CPU = Debug|Any CPU
		Release|Any CPU = Release|Any CPU
	EndGlobalSection
	GlobalSection(ProjectConfigurationPlatforms) = postSolution
		{E4FE771F-EDF7-4DDC-AAE9-3CD3E0971F56}.Debug|Any CPU.ActiveCfg = Debug|Any CPU
		{E4FE771F-EDF7-4DDC-AAE9-3CD3E0971F56}.Debug|Any CPU.Build.0 = Debug|Any CPU
		{E4FE771F-EDF7-4DDC-AAE9-3CD3E0971F56}.Release|Any CPU.ActiveCfg = Release|Any CPU
		{E4FE771F-EDF7-4DDC-AAE9-3CD3E0971F56}.Release|Any CPU.Build.0 = Release|Any CPU
		{5C98593E-DA7D-43EB-B755-B3090EF9A1B7}.Debug|Any CPU.ActiveCfg = Debug|Any CPU
		{5C98593E-DA7D-43EB-B755-B3090EF9A1B7}.Debug|Any CPU.Build.0 = Debug|Any CPU
		{5C98593E-DA7D-43EB-B755-B3090EF9A1B7}.Release|Any CPU.ActiveCfg = Release|Any CPU
		{5C98593E-DA7D-43EB-B755-B3090EF9A1B7}.Release|Any CPU.Build.0 = Release|Any CPU
		{D1EAFE75-32EE-48DA-8817-82E83AFDEA46}.Debug|Any CPU.ActiveCfg = Debug|Any CPU
		{D1EAFE75-32EE-48DA-8817-82E83AFDEA46}.Debug|Any CPU.Build.0 = Debug|Any CPU
		{D1EAFE75-32EE-48DA-8817-82E83AFDEA46}.Release|Any CPU.ActiveCfg = Release|Any CPU
		{D1EAFE75-32EE-48DA-8817-82E83AFDEA46}.Release|Any CPU.Build.0 = Release|Any CPU
	EndGlobalSection
	GlobalSection(SolutionProperties) = preSolution
		HideSolutionNode = FALSE
	EndGlobalSection
	GlobalSection(ExtensibilityGlobals) = postSolution
		SolutionGuid = {0A9BCAC5-64E0-4BFE-8F39-A665D7B53C42}
	EndGlobalSection
EndGlobal
